
Microsoft Visual Studio Solution File, Format Version 12.00
# Visual Studio Version 17
VisualStudioVersion = 17.14.37111.16 d17.14
MinimumVisualStudioVersion = 10.0.40219.1
Project("{FAE04EC0-301F-11D3-BF4B-00C04F79EFBC}") = "Day02-Encapsulation", "Day02-Encapsulation.csproj", "{4019FE06-B538-015F-E111-A72DEBDD2EED}"
EndProject
Global
	GlobalSection(SolutionConfigurationPlatforms) = preSolution
		Debug|Any CPU = Debug|Any CPU
		Release|Any CPU = Release|Any CPU
	EndGlobalSection
	GlobalSection(ProjectConfigurationPlatforms) = postSolution
		{4019FE06-B538-015F-E111-A72DEBDD2EED}.Debug|Any CPU.ActiveCfg = Debug|Any CPU
		{4019FE06-B538-015F-E111-A72DEBDD2EED}.Debug|Any CPU.Build.0 = Debug|Any CPU
		{4019FE06-B538-015F-E111-A72DEBDD2EED}.Release|Any CPU.ActiveCfg = Release|Any CPU
		{4019FE06-B538-015F-E111-A72DEBDD2EED}.Release|Any CPU.Build.0 = Release|Any CPU
	EndGlobalSection
	GlobalSection(SolutionProperties) = preSolution
		HideSolutionNode = FALSE
	EndGlobalSection
	GlobalSection(ExtensibilityGlobals) = postSolution
		SolutionGuid = {65B83877-5BD5-422A-8B9A-ACA7488529B6}
	EndGlobalSection
EndGlobal
