
Microsoft Visual Studio Solution File, Format Version 12.00
# Visual Studio Version 17
VisualStudioVersion = 17.14.37111.16 d17.14
MinimumVisualStudioVersion = 10.0.40219.1
Project("{FAE04EC0-301F-11D3-BF4B-00C04F79EFBC}") = "Day06.1-ChallengeProject", "Day06.1-ChallengeProject.csproj", "{4F586CD5-BA31-590D-2AE4-AE26927AFB63}"
EndProject
Global
	GlobalSection(SolutionConfigurationPlatforms) = preSolution
		Debug|Any CPU = Debug|Any CPU
		Release|Any CPU = Release|Any CPU
	EndGlobalSection
	GlobalSection(ProjectConfigurationPlatforms) = postSolution
		{4F586CD5-BA31-590D-2AE4-AE26927AFB63}.Debug|Any CPU.ActiveCfg = Debug|Any CPU
		{4F586CD5-BA31-590D-2AE4-AE26927AFB63}.Debug|Any CPU.Build.0 = Debug|Any CPU
		{4F586CD5-BA31-590D-2AE4-AE26927AFB63}.Release|Any CPU.ActiveCfg = Release|Any CPU
		{4F586CD5-BA31-590D-2AE4-AE26927AFB63}.Release|Any CPU.Build.0 = Release|Any CPU
	EndGlobalSection
	GlobalSection(SolutionProperties) = preSolution
		HideSolutionNode = FALSE
	EndGlobalSection
	GlobalSection(ExtensibilityGlobals) = postSolution
		SolutionGuid = {2EF32243-8FC5-40B5-88BF-700B7F5315EA}
	EndGlobalSection
EndGlobal
