
Microsoft Visual Studio Solution File, Format Version 12.00
# Visual Studio Version 17
VisualStudioVersion = 17.14.37111.16 d17.14
MinimumVisualStudioVersion = 10.0.40219.1
Project("{FAE04EC0-301F-11D3-BF4B-00C04F79EFBC}") = "Day01-Variables", "Day01-Variables.csproj", "{5FB82E7D-811F-6EC4-E9E5-6F000511D153}"
EndProject
Global
	GlobalSection(SolutionConfigurationPlatforms) = preSolution
		Debug|Any CPU = Debug|Any CPU
		Release|Any CPU = Release|Any CPU
	EndGlobalSection
	GlobalSection(ProjectConfigurationPlatforms) = postSolution
		{5FB82E7D-811F-6EC4-E9E5-6F000511D153}.Debug|Any CPU.ActiveCfg = Debug|Any CPU
		{5FB82E7D-811F-6EC4-E9E5-6F000511D153}.Debug|Any CPU.Build.0 = Debug|Any CPU
		{5FB82E7D-811F-6EC4-E9E5-6F000511D153}.Release|Any CPU.ActiveCfg = Release|Any CPU
		{5FB82E7D-811F-6EC4-E9E5-6F000511D153}.Release|Any CPU.Build.0 = Release|Any CPU
	EndGlobalSection
	GlobalSection(SolutionProperties) = preSolution
		HideSolutionNode = FALSE
	EndGlobalSection
	GlobalSection(ExtensibilityGlobals) = postSolution
		SolutionGuid = {94DDCB19-7E06-4399-A7DC-9C312D833759}
	EndGlobalSection
EndGlobal
