
Microsoft Visual Studio Solution File, Format Version 12.00
# Visual Studio Version 17
VisualStudioVersion = 17.14.37111.16 d17.14
MinimumVisualStudioVersion = 10.0.40219.1
Project("{FAE04EC0-301F-11D3-BF4B-00C04F79EFBC}") = "Day03-Loops", "Day03-Loops.csproj", "{118FE12D-1535-ED05-AD3B-A5009449D36D}"
EndProject
Global
	GlobalSection(SolutionConfigurationPlatforms) = preSolution
		Debug|Any CPU = Debug|Any CPU
		Release|Any CPU = Release|Any CPU
	EndGlobalSection
	GlobalSection(ProjectConfigurationPlatforms) = postSolution
		{118FE12D-1535-ED05-AD3B-A5009449D36D}.Debug|Any CPU.ActiveCfg = Debug|Any CPU
		{118FE12D-1535-ED05-AD3B-A5009449D36D}.Debug|Any CPU.Build.0 = Debug|Any CPU
		{118FE12D-1535-ED05-AD3B-A5009449D36D}.Release|Any CPU.ActiveCfg = Release|Any CPU
		{118FE12D-1535-ED05-AD3B-A5009449D36D}.Release|Any CPU.Build.0 = Release|Any CPU
	EndGlobalSection
	GlobalSection(SolutionProperties) = preSolution
		HideSolutionNode = FALSE
	EndGlobalSection
	GlobalSection(ExtensibilityGlobals) = postSolution
		SolutionGuid = {A7B7BA4D-FACF-4D2F-A8BE-26B3B8B6E51A}
	EndGlobalSection
EndGlobal
