
Microsoft Visual Studio Solution File, Format Version 12.00
# Visual Studio Version 18
VisualStudioVersion = 18.5.11709.299 stable
MinimumVisualStudioVersion = 10.0.40219.1
Project("{FAE04EC0-301F-11D3-BF4B-00C04F79EFBC}") = "Day03.1-DelegatesPractice", "Day03.1-DelegatesPractice.csproj", "{D5ECB2D1-9755-A74D-9FC8-FA9C03F61732}"
EndProject
Global
	GlobalSection(SolutionConfigurationPlatforms) = preSolution
		Debug|Any CPU = Debug|Any CPU
		Release|Any CPU = Release|Any CPU
	EndGlobalSection
	GlobalSection(ProjectConfigurationPlatforms) = postSolution
		{D5ECB2D1-9755-A74D-9FC8-FA9C03F61732}.Debug|Any CPU.ActiveCfg = Debug|Any CPU
		{D5ECB2D1-9755-A74D-9FC8-FA9C03F61732}.Debug|Any CPU.Build.0 = Debug|Any CPU
		{D5ECB2D1-9755-A74D-9FC8-FA9C03F61732}.Release|Any CPU.ActiveCfg = Release|Any CPU
		{D5ECB2D1-9755-A74D-9FC8-FA9C03F61732}.Release|Any CPU.Build.0 = Release|Any CPU
	EndGlobalSection
	GlobalSection(SolutionProperties) = preSolution
		HideSolutionNode = FALSE
	EndGlobalSection
	GlobalSection(ExtensibilityGlobals) = postSolution
		SolutionGuid = {A31396C8-976A-4910-88DC-7335156A1E52}
	EndGlobalSection
EndGlobal
